
Microsoft Visual Studio Solution File, Format Version 12.00
# Visual Studio 2015
Project("{FAE04EC0-301F-11D3-BF4B-00C04F79EFBC}") = "New-Project-1.CSharp", "New-Project-1.CSharp.csproj", "{83746295-9C13-6C9D-DA8C-8BDAC95FB264}"
EndProject
Global
	GlobalSection(SolutionConfigurationPlatforms) = preSolution
		Debug|Any CPU = Debug|Any CPU
		Release|Any CPU = Release|Any CPU
	EndGlobalSection
	GlobalSection(ProjectConfigurationPlatforms) = postSolution
		{83746295-9C13-6C9D-DA8C-8BDAC95FB264}.Debug|Any CPU.ActiveCfg = Debug|Any CPU
		{83746295-9C13-6C9D-DA8C-8BDAC95FB264}.Debug|Any CPU.Build.0 = Debug|Any CPU
		{83746295-9C13-6C9D-DA8C-8BDAC95FB264}.Release|Any CPU.ActiveCfg = Release|Any CPU
		{83746295-9C13-6C9D-DA8C-8BDAC95FB264}.Release|Any CPU.Build.0 = Release|Any CPU
	EndGlobalSection
	GlobalSection(SolutionProperties) = preSolution
		HideSolutionNode = FALSE
	EndGlobalSection
EndGlobal
